# Generated by pub
# See https://dart.dev/tools/pub/glossary#lockfile
packages:
  _flutterfire_internals:
    dependency: transitive
    description:
      name: _flutterfire_internals
      sha256: f5628cd9c92ed11083f425fd1f8f1bc60ecdda458c81d73b143aeda036c35fe7
      url: "https://pub.dev"
    source: hosted
    version: "1.3.16"
  another_flushbar:
    dependency: "direct main"
    description:
      name: another_flushbar
      sha256: "19bf9520230ec40b300aaf9dd2a8fefcb277b25ecd1c4838f530566965befc2a"
      url: "https://pub.dev"
    source: hosted
    version: "1.12.30"
  archive:
    dependency: transitive
    description:
      name: archive
      sha256: "22600aa1e926be775fa5fe7e6894e7fb3df9efda8891c73f70fb3262399a432d"
      url: "https://pub.dev"
    source: hosted
    version: "3.4.10"
  args:
    dependency: transitive
    description:
      name: args
      sha256: eef6c46b622e0494a36c5a12d10d77fb4e855501a91c1b9ef9339326e58f0596
      url: "https://pub.dev"
    source: hosted
    version: "2.4.2"
  async:
    dependency: transitive
    description:
      name: async
      sha256: "947bfcf187f74dbc5e146c9eb9c0f10c9f8b30743e341481c1e2ed3ecc18c20c"
      url: "https://pub.dev"
    source: hosted
    version: "2.11.0"
  avatar_glow:
    dependency: "direct main"
    description:
      name: avatar_glow
      sha256: "3627f6f97d1f10d3c1996ae108d3488eabaf68c0cf0c3eac7e7c746a3812881d"
      url: "https://pub.dev"
    source: hosted
    version: "2.0.2"
  boolean_selector:
    dependency: transitive
    description:
      name: boolean_selector
      sha256: "6cfb5af12253eaf2b368f07bacc5a80d1301a071c73360d746b7f2e32d762c66"
      url: "https://pub.dev"
    source: hosted
    version: "2.1.1"
  characters:
    dependency: transitive
    description:
      name: characters
      sha256: "04a925763edad70e8443c99234dc3328f442e811f1d8fd1a72f1c8ad0f69a605"
      url: "https://pub.dev"
    source: hosted
    version: "1.3.0"
  clock:
    dependency: transitive
    description:
      name: clock
      sha256: cb6d7f03e1de671e34607e909a7213e31d7752be4fb66a86d29fe1eb14bfb5cf
      url: "https://pub.dev"
    source: hosted
    version: "1.1.1"
  cloud_firestore:
    dependency: "direct main"
    description:
      name: cloud_firestore
      sha256: "8bfbb5a2edbc6052452326d60de0113fea2bcbf081d34a3f8e45c8b38307b31c"
      url: "https://pub.dev"
    source: hosted
    version: "4.14.0"
  cloud_firestore_platform_interface:
    dependency: transitive
    description:
      name: cloud_firestore_platform_interface
      sha256: "73ff438fe46028f0e19f55da18b6ddc6906ab750562cd7d9ffab77ff8c0c4307"
      url: "https://pub.dev"
    source: hosted
    version: "6.1.0"
  cloud_firestore_web:
    dependency: transitive
    description:
      name: cloud_firestore_web
      sha256: "232e45e95970d3a6baab8f50f9c3a6e2838d145d9d91ec9a7392837c44296397"
      url: "https://pub.dev"
    source: hosted
    version: "3.9.0"
  collection:
    dependency: transitive
    description:
      name: collection
      sha256: ee67cb0715911d28db6bf4af1026078bd6f0128b07a5f66fb2ed94ec6783c09a
      url: "https://pub.dev"
    source: hosted
    version: "1.18.0"
  confetti:
    dependency: "direct main"
    description:
      name: confetti
      sha256: "979aafde2428c53947892c95eb244466c109c129b7eee9011f0a66caaca52267"
      url: "https://pub.dev"
    source: hosted
    version: "0.7.0"
  convert:
    dependency: transitive
    description:
      name: convert
      sha256: "0f08b14755d163f6e2134cb58222dd25ea2a2ee8a195e53983d57c075324d592"
      url: "https://pub.dev"
    source: hosted
    version: "3.1.1"
  cross_file:
    dependency: transitive
    description:
      name: cross_file
      sha256: fedaadfa3a6996f75211d835aaeb8fede285dae94262485698afd832371b9a5e
      url: "https://pub.dev"
    source: hosted
    version: "0.3.3+8"
  crypto:
    dependency: transitive
    description:
      name: crypto
      sha256: ff625774173754681d66daaf4a448684fb04b78f902da9cb3d308c19cc5e8bab
      url: "https://pub.dev"
    source: hosted
    version: "3.0.3"
  csslib:
    dependency: transitive
    description:
      name: csslib
      sha256: b36c7f7e24c0bdf1bf9a3da461c837d1de64b9f8beb190c9011d8c72a3dfd745
      url: "https://pub.dev"
    source: hosted
    version: "0.17.2"
  cupertino_icons:
    dependency: "direct main"
    description:
      name: cupertino_icons
      sha256: e35129dc44c9118cee2a5603506d823bab99c68393879edb440e0090d07586be
      url: "https://pub.dev"
    source: hosted
    version: "1.0.5"
  curved_navigation_bar:
    dependency: "direct main"
    description:
      name: curved_navigation_bar
      sha256: ea6412d00c5d83501bbf1cf9d1ac2ff11a20fbaf910c103c95ace7de82910334
      url: "https://pub.dev"
    source: hosted
    version: "1.0.3"
  dbus:
    dependency: transitive
    description:
      name: dbus
      sha256: "6f07cba3f7b3448d42d015bfd3d53fe12e5b36da2423f23838efc1d5fb31a263"
      url: "https://pub.dev"
    source: hosted
    version: "0.7.8"
  device_frame:
    dependency: transitive
    description:
      name: device_frame
      sha256: afe76182aec178d171953d9b4a50a43c57c7cf3c77d8b09a48bf30c8fa04dd9d
      url: "https://pub.dev"
    source: hosted
    version: "1.1.0"
  device_preview:
    dependency: "direct main"
    description:
      name: device_preview
      sha256: "2f097bf31b929e15e6756dbe0ec1bcb63952ab9ed51c25dc5a2c722d2b21fdaf"
      url: "https://pub.dev"
    source: hosted
    version: "1.1.0"
  email_validator:
    dependency: "direct main"
    description:
      name: email_validator
      sha256: e9a90f27ab2b915a27d7f9c2a7ddda5dd752d6942616ee83529b686fc086221b
      url: "https://pub.dev"
    source: hosted
    version: "2.1.17"
  equatable:
    dependency: transitive
    description:
      name: equatable
      sha256: c2b87cb7756efdf69892005af546c56c0b5037f54d2a88269b4f347a505e3ca2
      url: "https://pub.dev"
    source: hosted
    version: "2.0.5"
  fake_async:
    dependency: transitive
    description:
      name: fake_async
      sha256: "511392330127add0b769b75a987850d136345d9227c6b94c96a04cf4a391bf78"
      url: "https://pub.dev"
    source: hosted
    version: "1.3.1"
  ffi:
    dependency: transitive
    description:
      name: ffi
      sha256: a38574032c5f1dd06c4aee541789906c12ccaab8ba01446e800d9c5b79c4a978
      url: "https://pub.dev"
    source: hosted
    version: "2.0.1"
  file:
    dependency: transitive
    description:
      name: file
      sha256: "1b92bec4fc2a72f59a8e15af5f52cd441e4a7860b49499d69dfa817af20e925d"
      url: "https://pub.dev"
    source: hosted
    version: "6.1.4"
  file_selector_linux:
    dependency: transitive
    description:
      name: file_selector_linux
      sha256: "045d372bf19b02aeb69cacf8b4009555fb5f6f0b7ad8016e5f46dd1387ddd492"
      url: "https://pub.dev"
    source: hosted
    version: "0.9.2+1"
  file_selector_macos:
    dependency: transitive
    description:
      name: file_selector_macos
      sha256: b15c3da8bd4908b9918111fa486903f5808e388b8d1c559949f584725a6594d6
      url: "https://pub.dev"
    source: hosted
    version: "0.9.3+3"
  file_selector_platform_interface:
    dependency: transitive
    description:
      name: file_selector_platform_interface
      sha256: "0aa47a725c346825a2bd396343ce63ac00bda6eff2fbc43eabe99737dede8262"
      url: "https://pub.dev"
    source: hosted
    version: "2.6.1"
  file_selector_windows:
    dependency: transitive
    description:
      name: file_selector_windows
      sha256: d3547240c20cabf205c7c7f01a50ecdbc413755814d6677f3cb366f04abcead0
      url: "https://pub.dev"
    source: hosted
    version: "0.9.3+1"
  firebase_auth:
    dependency: "direct main"
    description:
      name: firebase_auth
      sha256: "279b2773ff61afd9763202cb5582e2b995ee57419d826b9af6517302a59b672f"
      url: "https://pub.dev"
    source: hosted
    version: "4.16.0"
  firebase_auth_platform_interface:
    dependency: transitive
    description:
      name: firebase_auth_platform_interface
      sha256: "3c9cfaccb7549492edf5b0c67c6dd1c6727c7830891aa6727f2fb225f0226626"
      url: "https://pub.dev"
    source: hosted
    version: "7.0.9"
  firebase_auth_web:
    dependency: transitive
    description:
      name: firebase_auth_web
      sha256: c7b1379ccef7abf4b6816eede67a868c44142198e42350f51c01d8fc03f95a7d
      url: "https://pub.dev"
    source: hosted
    version: "5.8.13"
  firebase_core:
    dependency: "direct main"
    description:
      name: firebase_core
      sha256: "96607c0e829a581c2a483c658f04e8b159964c3bae2730f73297070bc85d40bb"
      url: "https://pub.dev"
    source: hosted
    version: "2.24.2"
  firebase_core_platform_interface:
    dependency: transitive
    description:
      name: firebase_core_platform_interface
      sha256: c437ae5d17e6b5cc7981cf6fd458a5db4d12979905f9aafd1fea930428a9fe63
      url: "https://pub.dev"
    source: hosted
    version: "5.0.0"
  firebase_core_web:
    dependency: transitive
    description:
      name: firebase_core_web
      sha256: d585bdf3c656c3f7821ba1bd44da5f13365d22fcecaf5eb75c4295246aaa83c0
      url: "https://pub.dev"
    source: hosted
    version: "2.10.0"
  firebase_database:
    dependency: "direct main"
    description:
      name: firebase_database
      sha256: "8568ad41f9312ab1f162f70c1e3e7cb7420b8bc8d07e4d543e575bb0cb41f8a5"
      url: "https://pub.dev"
    source: hosted
    version: "10.4.0"
  firebase_database_platform_interface:
    dependency: transitive
    description:
      name: firebase_database_platform_interface
      sha256: "4366ade2390f8799a317bb13af29c2a1fdfc84f4d04372094756b86a6cbfd305"
      url: "https://pub.dev"
    source: hosted
    version: "0.2.5+16"
  firebase_database_web:
    dependency: transitive
    description:
      name: firebase_database_web
      sha256: "4920a83b917493b37fd408cbb01c289ef8a422d9ed48982f908a9850290262f9"
      url: "https://pub.dev"
    source: hosted
    version: "0.2.3+16"
  firebase_storage:
    dependency: "direct main"
    description:
      name: firebase_storage
      sha256: "75e6cb6bed65138b5bbd86bfd7cf9bc9a175fb0c31aacc400e9203df117ffbe6"
      url: "https://pub.dev"
    source: hosted
    version: "11.6.0"
  firebase_storage_platform_interface:
    dependency: transitive
    description:
      name: firebase_storage_platform_interface
      sha256: "545a3a8edf337850403bb0fa03c8074a53deb87c0107d19755c77a82ce07919e"
      url: "https://pub.dev"
    source: hosted
    version: "5.1.3"
  firebase_storage_web:
    dependency: transitive
    description:
      name: firebase_storage_web
      sha256: ee6870ff79aa304b8996ba18a4aefe1e8b3fc31fd385eab6574180267aa8d393
      url: "https://pub.dev"
    source: hosted
    version: "3.6.17"
  fl_chart:
    dependency: "direct main"
    description:
      name: fl_chart
      sha256: fe6fec7d85975a99c73b9515a69a6e291364accfa0e4a5b3ce6de814d74b9a1c
      url: "https://pub.dev"
    source: hosted
    version: "0.66.0"
  flutter:
    dependency: "direct main"
    description: flutter
    source: sdk
    version: "0.0.0"
  flutter_local_notifications:
    dependency: "direct main"
    description:
      name: flutter_local_notifications
      sha256: "57d0012730780fe137260dd180e072c18a73fbeeb924cdc029c18aaa0f338d64"
      url: "https://pub.dev"
    source: hosted
    version: "9.9.1"
  flutter_local_notifications_linux:
    dependency: transitive
    description:
      name: flutter_local_notifications_linux
      sha256: b472bfc173791b59ede323661eae20f7fff0b6908fea33dd720a6ef5d576bae8
      url: "https://pub.dev"
    source: hosted
    version: "0.5.1"
  flutter_local_notifications_platform_interface:
    dependency: transitive
    description:
      name: flutter_local_notifications_platform_interface
      sha256: "21bceee103a66a53b30ea9daf677f990e5b9e89b62f222e60dd241cd08d63d3a"
      url: "https://pub.dev"
    source: hosted
    version: "5.0.0"
  flutter_localizations:
    dependency: transitive
    description: flutter
    source: sdk
    version: "0.0.0"
  flutter_native_splash:
    dependency: "direct main"
    description:
      name: flutter_native_splash
      sha256: af665ef80a213a9ed502845a3d7a61b9acca4100ee7e9f067a7440bc3acd6730
      url: "https://pub.dev"
    source: hosted
    version: "2.2.19"
  flutter_plugin_android_lifecycle:
    dependency: transitive
    description:
      name: flutter_plugin_android_lifecycle
      sha256: b068ffc46f82a55844acfa4fdbb61fad72fa2aef0905548419d97f0f95c456da
      url: "https://pub.dev"
    source: hosted
    version: "2.0.17"
  flutter_sms:
    dependency: "direct main"
    description:
      name: flutter_sms
      sha256: "2fe5f584f02596343557eeca56348f9b82413fefe83a423fab880cdbdf54d8d8"
      url: "https://pub.dev"
    source: hosted
    version: "2.3.3"
  flutter_spinkit:
    dependency: "direct main"
    description:
      name: flutter_spinkit
      sha256: "77a2117c0517ff909221f3160b8eb20052ab5216107581168af574ac1f05dff8"
      url: "https://pub.dev"
    source: hosted
    version: "5.1.0"
  flutter_test:
    dependency: "direct dev"
    description: flutter
    source: sdk
    version: "0.0.0"
  flutter_web_plugins:
    dependency: transitive
    description: flutter
    source: sdk
    version: "0.0.0"
  flutter_windowmanager:
    dependency: "direct main"
    description:
      name: flutter_windowmanager
      sha256: b4d0bc06f6777952b729c0cdb7ce9ad1ecabd8b8b1cb0acb57a36621457dab1b
      url: "https://pub.dev"
    source: hosted
    version: "0.2.0"
  font_awesome_flutter:
    dependency: "direct main"
    description:
      name: font_awesome_flutter
      sha256: "8f0ce0204bd0cafa8631536a6f3b7d05d9c16cdc6e8bd807843f917027c5cefd"
      url: "https://pub.dev"
    source: hosted
    version: "10.2.1"
  freezed_annotation:
    dependency: transitive
    description:
      name: freezed_annotation
      sha256: c3fd9336eb55a38cc1bbd79ab17573113a8deccd0ecbbf926cca3c62803b5c2d
      url: "https://pub.dev"
    source: hosted
    version: "2.4.1"
  google_fonts:
    dependency: "direct main"
    description:
      name: google_fonts
      sha256: "6b6f10f0ce3c42f6552d1c70d2c28d764cf22bb487f50f66cca31dcd5194f4d6"
      url: "https://pub.dev"
    source: hosted
    version: "4.0.4"
  google_sign_in:
    dependency: "direct main"
    description:
      name: google_sign_in
      sha256: d3e31052ce068d0fe2eb9975ee4409266a044592cf67737ec230be07343c6bdf
      url: "https://pub.dev"
    source: hosted
    version: "5.4.2"
  google_sign_in_android:
    dependency: transitive
    description:
      name: google_sign_in_android
      sha256: "25449f21c7c8c28520576cab82e58fbb33b11055ebf69189cf255e2611cac6da"
      url: "https://pub.dev"
    source: hosted
    version: "6.1.1"
  google_sign_in_ios:
    dependency: transitive
    description:
      name: google_sign_in_ios
      sha256: "673c0b07eb512ea7097df316a4706e6fe9ccef7c7c258761005e8aa420fe955f"
      url: "https://pub.dev"
    source: hosted
    version: "5.5.0"
  google_sign_in_platform_interface:
    dependency: transitive
    description:
      name: google_sign_in_platform_interface
      sha256: "61306213c76bb8170c3aa20017df296c0131c24d7f6c0cc7e2eeaeac34c9f457"
      url: "https://pub.dev"
    source: hosted
    version: "2.3.0"
  google_sign_in_web:
    dependency: transitive
    description:
      name: google_sign_in_web
      sha256: "5b35c221169a7b3e0fc15043ac09102ef542300ef92f2e1f05d5d8efde263af5"
      url: "https://pub.dev"
    source: hosted
    version: "0.10.2"
  graphs:
    dependency: transitive
    description:
      name: graphs
      sha256: aedc5a15e78fc65a6e23bcd927f24c64dd995062bcd1ca6eda65a3cff92a4d19
      url: "https://pub.dev"
    source: hosted
    version: "2.3.1"
  html:
    dependency: transitive
    description:
      name: html
      sha256: "3a7812d5bcd2894edf53dfaf8cd640876cf6cef50a8f238745c8b8120ea74d3a"
      url: "https://pub.dev"
    source: hosted
    version: "0.15.4"
  http:
    dependency: "direct main"
    description:
      name: http
      sha256: "6aa2946395183537c8b880962d935877325d6a09a2867c3970c05c0fed6ac482"
      url: "https://pub.dev"
    source: hosted
    version: "0.13.5"
  http_parser:
    dependency: transitive
    description:
      name: http_parser
      sha256: "2aa08ce0341cc9b354a498388e30986515406668dbcc4f7c950c3e715496693b"
      url: "https://pub.dev"
    source: hosted
    version: "4.0.2"
  image:
    dependency: transitive
    description:
      name: image
      sha256: "028f61960d56f26414eb616b48b04eb37d700cbe477b7fb09bf1d7ce57fd9271"
      url: "https://pub.dev"
    source: hosted
    version: "4.1.3"
  image_picker:
    dependency: "direct main"
    description:
      name: image_picker
      sha256: "340efe08645537d6b088a30620ee5752298b1630f23a829181172610b868262b"
      url: "https://pub.dev"
    source: hosted
    version: "1.0.6"
  image_picker_android:
    dependency: transitive
    description:
      name: image_picker_android
      sha256: "1a27bf4cc0330389cebe465bab08fe6dec97e44015b4899637344bb7297759ec"
      url: "https://pub.dev"
    source: hosted
    version: "0.8.9+2"
  image_picker_for_web:
    dependency: transitive
    description:
      name: image_picker_for_web
      sha256: e2423c53a68b579a7c37a1eda967b8ae536c3d98518e5db95ca1fe5719a730a3
      url: "https://pub.dev"
    source: hosted
    version: "3.0.2"
  image_picker_ios:
    dependency: transitive
    description:
      name: image_picker_ios
      sha256: eac0a62104fa12feed213596df0321f57ce5a572562f72a68c4ff81e9e4caacf
      url: "https://pub.dev"
    source: hosted
    version: "0.8.9"
  image_picker_linux:
    dependency: transitive
    description:
      name: image_picker_linux
      sha256: "4ed1d9bb36f7cd60aa6e6cd479779cc56a4cb4e4de8f49d487b1aaad831300fa"
      url: "https://pub.dev"
    source: hosted
    version: "0.2.1+1"
  image_picker_macos:
    dependency: transitive
    description:
      name: image_picker_macos
      sha256: "3f5ad1e8112a9a6111c46d0b57a7be2286a9a07fc6e1976fdf5be2bd31d4ff62"
      url: "https://pub.dev"
    source: hosted
    version: "0.2.1+1"
  image_picker_platform_interface:
    dependency: transitive
    description:
      name: image_picker_platform_interface
      sha256: "0e827c156e3a90edd3bbe7f6de048b39247b16e58173b08a835b7eb00aba239e"
      url: "https://pub.dev"
    source: hosted
    version: "2.9.2"
  image_picker_windows:
    dependency: transitive
    description:
      name: image_picker_windows
      sha256: "6ad07afc4eb1bc25f3a01084d28520496c4a3bb0cb13685435838167c9dcedeb"
      url: "https://pub.dev"
    source: hosted
    version: "0.2.1+1"
  intl:
    dependency: "direct main"
    description:
      name: intl
      sha256: "3bc132a9dbce73a7e4a21a17d06e1878839ffbf975568bc875c60537824b0c4d"
      url: "https://pub.dev"
    source: hosted
    version: "0.18.1"
  js:
    dependency: transitive
    description:
      name: js
      sha256: "5528c2f391ededb7775ec1daa69e65a2d61276f7552de2b5f7b8d34ee9fd4ab7"
      url: "https://pub.dev"
    source: hosted
    version: "0.6.5"
  json_annotation:
    dependency: transitive
    description:
      name: json_annotation
      sha256: "3520fa844009431b5d4491a5a778603520cdc399ab3406332dcc50f93547258c"
      url: "https://pub.dev"
    source: hosted
    version: "4.7.0"
  logging:
    dependency: transitive
    description:
      name: logging
      sha256: c0bbfe94d46aedf9b8b3e695cf3bd48c8e14b35e3b2c639e0aa7755d589ba946
      url: "https://pub.dev"
    source: hosted
    version: "1.1.0"
  mailer:
    dependency: "direct main"
    description:
      name: mailer
      sha256: "57f6dd1496699999a7bfd0aa6be0645384f477f4823e16d4321c40a434346382"
      url: "https://pub.dev"
    source: hosted
    version: "6.0.1"
  matcher:
    dependency: transitive
    description:
      name: matcher
      sha256: "1803e76e6653768d64ed8ff2e1e67bea3ad4b923eb5c56a295c3e634bad5960e"
      url: "https://pub.dev"
    source: hosted
    version: "0.12.16"
  material_color_utilities:
    dependency: transitive
    description:
      name: material_color_utilities
      sha256: "9528f2f296073ff54cb9fee677df673ace1218163c3bc7628093e7eed5203d41"
      url: "https://pub.dev"
    source: hosted
    version: "0.5.0"
  meta:
    dependency: transitive
    description:
      name: meta
      sha256: a6e590c838b18133bb482a2745ad77c5bb7715fb0451209e1a7567d416678b8e
      url: "https://pub.dev"
    source: hosted
    version: "1.10.0"
  mime:
    dependency: transitive
    description:
      name: mime
      sha256: e4ff8e8564c03f255408decd16e7899da1733852a9110a58fe6d1b817684a63e
      url: "https://pub.dev"
    source: hosted
    version: "1.0.4"
  nested:
    dependency: transitive
    description:
      name: nested
      sha256: "03bac4c528c64c95c722ec99280375a6f2fc708eec17c7b3f07253b626cd2a20"
      url: "https://pub.dev"
    source: hosted
    version: "1.0.0"
  path:
    dependency: transitive
    description:
      name: path
      sha256: "8829d8a55c13fc0e37127c29fedf290c102f4e40ae94ada574091fe0ff96c917"
      url: "https://pub.dev"
    source: hosted
    version: "1.8.3"
  path_provider:
    dependency: "direct main"
    description:
      name: path_provider
      sha256: "050e8e85e4b7fecdf2bb3682c1c64c4887a183720c802d323de8a5fd76d372dd"
      url: "https://pub.dev"
    source: hosted
    version: "2.0.11"
  path_provider_android:
    dependency: transitive
    description:
      name: path_provider_android
      sha256: "4d5542667150f5b779ba411dd5dc0b674a85d1355e45bda2877e0e82f4ad08d8"
      url: "https://pub.dev"
    source: hosted
    version: "2.0.20"
  path_provider_ios:
    dependency: transitive
    description:
      name: path_provider_ios
      sha256: "03d639406f5343478352433f00d3c4394d52dac8df3d847869c5e2333e0bbce8"
      url: "https://pub.dev"
    source: hosted
    version: "2.0.11"
  path_provider_linux:
    dependency: transitive
    description:
      name: path_provider_linux
      sha256: ab0987bf95bc591da42dffb38c77398fc43309f0b9b894dcc5d6f40c4b26c379
      url: "https://pub.dev"
    source: hosted
    version: "2.1.7"
  path_provider_macos:
    dependency: transitive
    description:
      name: path_provider_macos
      sha256: "2a97e7fbb7ae9dcd0dfc1220a78e9ec3e71da691912e617e8715ff2a13086ae8"
      url: "https://pub.dev"
    source: hosted
    version: "2.0.6"
  path_provider_platform_interface:
    dependency: transitive
    description:
      name: path_provider_platform_interface
      sha256: f0abc8ebd7253741f05488b4813d936b4d07c6bae3e86148a09e342ee4b08e76
      url: "https://pub.dev"
    source: hosted
    version: "2.0.5"
  path_provider_windows:
    dependency: transitive
    description:
      name: path_provider_windows
      sha256: bcabbe399d4042b8ee687e17548d5d3f527255253b4a639f5f8d2094a9c2b45c
      url: "https://pub.dev"
    source: hosted
    version: "2.1.3"
  pedantic:
    dependency: transitive
    description:
      name: pedantic
      sha256: "67fc27ed9639506c856c840ccce7594d0bdcd91bc8d53d6e52359449a1d50602"
      url: "https://pub.dev"
    source: hosted
    version: "1.11.1"
  permission_handler:
    dependency: "direct main"
    description:
      name: permission_handler
      sha256: "551f8c3398f1ff26aed2ccc8d0b4e4f905cd7b1714e6a688e0b870621ad33524"
      url: "https://pub.dev"
    source: hosted
    version: "10.1.0"
  permission_handler_android:
    dependency: transitive
    description:
      name: permission_handler_android
      sha256: a7b6bdc94fbb68d70c1eebca6fa3d3836b0dc0262207c1d05053bed3bae02250
      url: "https://pub.dev"
    source: hosted
    version: "10.1.0"
  permission_handler_apple:
    dependency: transitive
    description:
      name: permission_handler_apple
      sha256: "76dc5440756ec4b6b8b194506fe34b823fff608de418114004b36cfe5f7a174f"
      url: "https://pub.dev"
    source: hosted
    version: "9.0.6"
  permission_handler_platform_interface:
    dependency: transitive
    description:
      name: permission_handler_platform_interface
      sha256: "68abbc472002b5e6dfce47fe9898c6b7d8328d58b5d2524f75e277c07a97eb84"
      url: "https://pub.dev"
    source: hosted
    version: "3.9.0"
  permission_handler_windows:
    dependency: transitive
    description:
      name: permission_handler_windows
      sha256: b061bd16483abaf7f4769c343c976fb415d8635166c909f38f10f23b2734a54f
      url: "https://pub.dev"
    source: hosted
    version: "0.1.1"
  petitparser:
    dependency: transitive
    description:
      name: petitparser
      sha256: "49392a45ced973e8d94a85fdb21293fbb40ba805fc49f2965101ae748a3683b4"
      url: "https://pub.dev"
    source: hosted
    version: "5.1.0"
  platform:
    dependency: transitive
    description:
      name: platform
      sha256: "4a451831508d7d6ca779f7ac6e212b4023dd5a7d08a27a63da33756410e32b76"
      url: "https://pub.dev"
    source: hosted
    version: "3.1.0"
  plugin_platform_interface:
    dependency: transitive
    description:
      name: plugin_platform_interface
      sha256: dbf0f707c78beedc9200146ad3cb0ab4d5da13c246336987be6940f026500d3a
      url: "https://pub.dev"
    source: hosted
    version: "2.1.3"
  pointycastle:
    dependency: transitive
    description:
      name: pointycastle
      sha256: "7c1e5f0d23c9016c5bbd8b1473d0d3fb3fc851b876046039509e18e0c7485f2c"
      url: "https://pub.dev"
    source: hosted
    version: "3.7.3"
  pretty_qr_code:
    dependency: "direct main"
    description:
      name: pretty_qr_code
      sha256: "9ce7e61f812d3c990262f6bd0b4bfda3d8ef55ce0debb4e6929f5730ac40e40a"
      url: "https://pub.dev"
    source: hosted
    version: "2.0.2"
  process:
    dependency: transitive
    description:
      name: process
      sha256: "53fd8db9cec1d37b0574e12f07520d582019cb6c44abf5479a01505099a34a09"
      url: "https://pub.dev"
    source: hosted
    version: "4.2.4"
  provider:
    dependency: "direct main"
    description:
      name: provider
      sha256: "9a96a0a19b594dbc5bf0f1f27d2bc67d5f95957359b461cd9feb44ed6ae75096"
      url: "https://pub.dev"
    source: hosted
    version: "6.1.1"
  qr:
    dependency: transitive
    description:
      name: qr
      sha256: "5c4208b4dc0d55c3184d10d83ee0ded6212dc2b5e2ba17c5a0c0aab279128d21"
      url: "https://pub.dev"
    source: hosted
    version: "2.1.0"
  qr_code_scanner:
    dependency: "direct main"
    description:
      name: qr_code_scanner
      sha256: f23b68d893505a424f0bd2e324ebea71ed88465d572d26bb8d2e78a4749591fd
      url: "https://pub.dev"
    source: hosted
    version: "1.0.1"
  qr_flutter:
    dependency: "direct main"
    description:
      name: qr_flutter
      sha256: c5c121c54cb6dd837b9b9d57eb7bc7ec6df4aee741032060c8833a678c80b87e
      url: "https://pub.dev"
    source: hosted
    version: "4.0.0"
  quiver:
    dependency: transitive
    description:
      name: quiver
      sha256: "93982981971e812c94d4a6fa3a57b89f9ec12b38b6380cd3c1370c3b01e4580e"
      url: "https://pub.dev"
    source: hosted
    version: "3.1.0"
  rive:
    dependency: "direct main"
    description:
      name: rive
      sha256: "22e3755b75f4ea4492d2fecf4fc2acf1c8d0073df39781d290a20cbfe74c3760"
      url: "https://pub.dev"
    source: hosted
    version: "0.9.1"
  rxdart:
    dependency: "direct main"
    description:
      name: rxdart
      sha256: "5d22055fd443806c03ef24a02000637cf51eae49c2a0168d38a43fc166b0209c"
      url: "https://pub.dev"
    source: hosted
    version: "0.27.5"
  shared_preferences:
    dependency: "direct main"
    description:
      name: shared_preferences
      sha256: "76917b7d4b9526b2ba416808a7eb9fb2863c1a09cf63ec85f1453da240fa818a"
      url: "https://pub.dev"
    source: hosted
    version: "2.0.15"
  shared_preferences_android:
    dependency: transitive
    description:
      name: shared_preferences_android
      sha256: "8e251f3c986002b65fed6396bce81f379fb63c27317d49743cf289fd0fd1ab97"
      url: "https://pub.dev"
    source: hosted
    version: "2.0.14"
  shared_preferences_ios:
    dependency: transitive
    description:
      name: shared_preferences_ios
      sha256: "585a14cefec7da8c9c2fb8cd283a3bb726b4155c0952afe6a0caaa7b2272de34"
      url: "https://pub.dev"
    source: hosted
    version: "2.1.1"
  shared_preferences_linux:
    dependency: transitive
    description:
      name: shared_preferences_linux
      sha256: "28aefc1261746e7bad3d09799496054beb84e8c4ffcdfed7734e17b4ada459a5"
      url: "https://pub.dev"
    source: hosted
    version: "2.1.1"
  shared_preferences_macos:
    dependency: transitive
    description:
      name: shared_preferences_macos
      sha256: fbb94bf296576f49be37a1496d5951796211a8db0aa22cc0d68c46440dad808c
      url: "https://pub.dev"
    source: hosted
    version: "2.0.4"
  shared_preferences_platform_interface:
    dependency: transitive
    description:
      name: shared_preferences_platform_interface
      sha256: da9431745ede5ece47bc26d5d73a9d3c6936ef6945c101a5aca46f62e52c1cf3
      url: "https://pub.dev"
    source: hosted
    version: "2.1.0"
  shared_preferences_web:
    dependency: transitive
    description:
      name: shared_preferences_web
      sha256: a4b5bc37fe1b368bbc81f953197d55e12f49d0296e7e412dfe2d2d77d6929958
      url: "https://pub.dev"
    source: hosted
    version: "2.0.4"
  shared_preferences_windows:
    dependency: transitive
    description:
      name: shared_preferences_windows
      sha256: "97f7ab9a7da96d9cf19581f5de520ceb529548498bd6b5e0ccd02d68a0d15eba"
      url: "https://pub.dev"
    source: hosted
    version: "2.1.1"
  shimmer:
    dependency: "direct main"
    description:
      name: shimmer
      sha256: "1f1009b5845a1f88f1c5630212279540486f97409e9fc3f63883e71070d107bf"
      url: "https://pub.dev"
    source: hosted
    version: "2.0.0"
  sky_engine:
    dependency: transitive
    description: flutter
    source: sdk
    version: "0.0.99"
  source_span:
    dependency: transitive
    description:
      name: source_span
      sha256: "53e943d4206a5e30df338fd4c6e7a077e02254531b138a15aec3bd143c1a8b3c"
      url: "https://pub.dev"
    source: hosted
    version: "1.10.0"
  speech_to_text:
    dependency: "direct main"
    description:
      name: speech_to_text
      sha256: "00abf030af115c3a3f3259d8986a87894876be08610bf856ee081a14d96fae0a"
      url: "https://pub.dev"
    source: hosted
    version: "5.6.1"
  speech_to_text_platform_interface:
    dependency: transitive
    description:
      name: speech_to_text_platform_interface
      sha256: "13d90215a7554b9a8c1ce47c0a1739af8eacd2cf196ca66351e54dfd2172746d"
      url: "https://pub.dev"
    source: hosted
    version: "2.0.1"
  stack_trace:
    dependency: transitive
    description:
      name: stack_trace
      sha256: "73713990125a6d93122541237550ee3352a2d84baad52d375a4cad2eb9b7ce0b"
      url: "https://pub.dev"
    source: hosted
    version: "1.11.1"
  stream_channel:
    dependency: transitive
    description:
      name: stream_channel
      sha256: ba2aa5d8cc609d96bbb2899c28934f9e1af5cddbd60a827822ea467161eb54e7
      url: "https://pub.dev"
    source: hosted
    version: "2.1.2"
  string_scanner:
    dependency: transitive
    description:
      name: string_scanner
      sha256: "556692adab6cfa87322a115640c11f13cb77b3f076ddcc5d6ae3c20242bedcde"
      url: "https://pub.dev"
    source: hosted
    version: "1.2.0"
  term_glyph:
    dependency: transitive
    description:
      name: term_glyph
      sha256: a29248a84fbb7c79282b40b8c72a1209db169a2e0542bce341da992fe1bc7e84
      url: "https://pub.dev"
    source: hosted
    version: "1.2.1"
  test_api:
    dependency: transitive
    description:
      name: test_api
      sha256: "5c2f730018264d276c20e4f1503fd1308dfbbae39ec8ee63c5236311ac06954b"
      url: "https://pub.dev"
    source: hosted
    version: "0.6.1"
  timezone:
    dependency: transitive
    description:
      name: timezone
      sha256: "57b35f6e8ef731f18529695bffc62f92c6189fac2e52c12d478dec1931afb66e"
      url: "https://pub.dev"
    source: hosted
    version: "0.8.0"
  typed_data:
    dependency: transitive
    description:
      name: typed_data
      sha256: "26f87ade979c47a150c9eaab93ccd2bebe70a27dc0b4b29517f2904f04eb11a5"
      url: "https://pub.dev"
    source: hosted
    version: "1.3.1"
  universal_io:
    dependency: transitive
    description:
      name: universal_io
      sha256: "06866290206d196064fd61df4c7aea1ffe9a4e7c4ccaa8fcded42dd41948005d"
      url: "https://pub.dev"
    source: hosted
    version: "2.2.0"
  url_launcher:
    dependency: "direct main"
    description:
      name: url_launcher
      sha256: "568176fc8ab5ac1d88ff0db8ff28659d103851670dda55e83b485664c2309299"
      url: "https://pub.dev"
    source: hosted
    version: "6.1.6"
  url_launcher_android:
    dependency: transitive
    description:
      name: url_launcher_android
      sha256: "9e262cbec69233717d5198f4d0b0c4961fa027e3685ba425442c43c64f38bb9b"
      url: "https://pub.dev"
    source: hosted
    version: "6.0.19"
  url_launcher_ios:
    dependency: transitive
    description:
      name: url_launcher_ios
      sha256: "6ba7dddee26c9fae27c9203c424631109d73c8fa26cfa7bc3e35e751cb87f62e"
      url: "https://pub.dev"
    source: hosted
    version: "6.0.17"
  url_launcher_linux:
    dependency: transitive
    description:
      name: url_launcher_linux
      sha256: "360fa359ab06bcb4f7c5cd3123a2a9a4d3364d4575d27c4b33468bd4497dd094"
      url: "https://pub.dev"
    source: hosted
    version: "3.0.1"
  url_launcher_macos:
    dependency: transitive
    description:
      name: url_launcher_macos
      sha256: a9b3ea9043eabfaadfa3fb89de67a11210d85569086d22b3854484beab8b3978
      url: "https://pub.dev"
    source: hosted
    version: "3.0.1"
  url_launcher_platform_interface:
    dependency: transitive
    description:
      name: url_launcher_platform_interface
      sha256: "4eae912628763eb48fc214522e58e942fd16ce195407dbf45638239523c759a6"
      url: "https://pub.dev"
    source: hosted
    version: "2.1.1"
  url_launcher_web:
    dependency: transitive
    description:
      name: url_launcher_web
      sha256: "5669882643b96bb6d5786637cac727c6e918a790053b09245fd4513b8a07df2a"
      url: "https://pub.dev"
    source: hosted
    version: "2.0.13"
  url_launcher_windows:
    dependency: transitive
    description:
      name: url_launcher_windows
      sha256: e3c3b16d3104260c10eea3b0e34272aaa57921f83148b0619f74c2eced9b7ef1
      url: "https://pub.dev"
    source: hosted
    version: "3.0.1"
  vector_math:
    dependency: transitive
    description:
      name: vector_math
      sha256: "80b3257d1492ce4d091729e3a67a60407d227c27241d6927be0130c98e741803"
      url: "https://pub.dev"
    source: hosted
    version: "2.1.4"
  web:
    dependency: transitive
    description:
      name: web
      sha256: afe077240a270dcfd2aafe77602b4113645af95d0ad31128cc02bce5ac5d5152
      url: "https://pub.dev"
    source: hosted
    version: "0.3.0"
  win32:
    dependency: transitive
    description:
      name: win32
      sha256: "9555cd63283445e101f0df32105862fdc0b30adb9b84fd0553e9433b3e074d4c"
      url: "https://pub.dev"
    source: hosted
    version: "3.0.1"
  xdg_directories:
    dependency: transitive
    description:
      name: xdg_directories
      sha256: "11541eedefbcaec9de35aa82650b695297ce668662bbd6e3911a7fabdbde589f"
      url: "https://pub.dev"
    source: hosted
    version: "0.2.0+2"
  xml:
    dependency: transitive
    description:
      name: xml
      sha256: "979ee37d622dec6365e2efa4d906c37470995871fe9ae080d967e192d88286b5"
      url: "https://pub.dev"
    source: hosted
    version: "6.2.2"
  yaml:
    dependency: transitive
    description:
      name: yaml
      sha256: "75769501ea3489fca56601ff33454fe45507ea3bfb014161abc3b43ae25989d5"
      url: "https://pub.dev"
    source: hosted
    version: "3.1.2"
sdks:
  dart: ">=3.2.0 <4.0.0"
  flutter: ">=3.16.0"
